
Microsoft Visual Studio Solution File, Format Version 11.00
# Visual C# Express 2010
Project("{FAE04EC0-301F-11D3-BF4B-00C04F79EFBC}") = "1.PrintHelloAndName", "1.PrintHelloAndName\1.PrintHelloAndName.csproj", "{CBCEF2E8-46D4-4FD2-A82B-2DEFE3E79A8E}"
EndProject
Project("{FAE04EC0-301F-11D3-BF4B-00C04F79EFBC}") = "2.TheBiggestOf3Integers", "2.TheBiggestOf3Integers\2.TheBiggestOf3Integers.csproj", "{AE2DCEC7-F446-47C4-99A2-AEF863157D14}"
EndProject
Project("{FAE04EC0-301F-11D3-BF4B-00C04F79EFBC}") = "3.LastDigitOfANumberAsWord", "3.LastDigitOfANumberAsWord\3.LastDigitOfANumberAsWord.csproj", "{B9C44EB7-0E22-42E1-815C-52AEB03E89B0}"
EndProject
Project("{FAE04EC0-301F-11D3-BF4B-00C04F79EFBC}") = "4.CountingTheAppearanceOfANumber", "4.CountingTheAppearanceOfANumber\4.CountingTheAppearanceOfANumber.csproj", "{554F81F0-A3B9-4FA5-B1E7-47A533D06F48}"
EndProject
Project("{FAE04EC0-301F-11D3-BF4B-00C04F79EFBC}") = "5.BiggerThanIts2Neighbors", "5.BiggerThanIts2Neighbors\5.BiggerThanIts2Neighbors.csproj", "{24414FC3-983C-41DE-ACA4-831F000A02BE}"
EndProject
Project("{FAE04EC0-301F-11D3-BF4B-00C04F79EFBC}") = "6.IndexOfElement", "6.IndexOfElement\6.IndexOfElement.csproj", "{31A18777-8877-40E1-8F45-E92625E4ED7D}"
EndProject
Project("{FAE04EC0-301F-11D3-BF4B-00C04F79EFBC}") = "7.ReversingTheDigitsOfANumber", "7.ReversingTheDigitsOfANumber\7.ReversingTheDigitsOfANumber.csproj", "{49080E00-24FB-4F68-9F36-C9D742A036D0}"
EndProject
Project("{FAE04EC0-301F-11D3-BF4B-00C04F79EFBC}") = "8.AddingTwoIntegers", "8.AddingTwoIntegers\8.AddingTwoIntegers.csproj", "{C23FBBC5-D940-4F64-B0D8-301708594F3F}"
EndProject
Project("{FAE04EC0-301F-11D3-BF4B-00C04F79EFBC}") = "9.FindingMaximalElementAndThenSorting", "9.FindingMaximalElementAndThenSorting\9.FindingMaximalElementAndThenSorting.csproj", "{8A47A185-D6C2-436F-94C1-C8BB2FE027E5}"
EndProject
Project("{FAE04EC0-301F-11D3-BF4B-00C04F79EFBC}") = "10.CalculatingNFactorial", "10.CalculatingNFactorial\10.CalculatingNFactorial.csproj", "{D971A7BE-F6B0-4316-9AD1-1B7B846A0EFF}"
EndProject
Project("{FAE04EC0-301F-11D3-BF4B-00C04F79EFBC}") = "11.AddingTwoPolynomials", "11.AddingTwoPolynomials\11.AddingTwoPolynomials.csproj", "{0D159889-23E9-4007-9700-B289C436FFE2}"
EndProject
Project("{FAE04EC0-301F-11D3-BF4B-00C04F79EFBC}") = "12.SubstractingAddingAndMultiplyingTwoNominals", "12.SubstractingAddingAndMultiplyingTwoNominals\12.SubstractingAddingAndMultiplyingTwoNominals.csproj", "{15EB8CCE-C2C7-46A1-A2DA-28BC7F7BDA5A}"
EndProject
Project("{FAE04EC0-301F-11D3-BF4B-00C04F79EFBC}") = "13.SolvingSeveralTasks", "13.SolvingSeveralTasks\13.SolvingSeveralTasks.csproj", "{D931E449-B5FC-42CA-92FE-F72969FD6167}"
EndProject
Project("{FAE04EC0-301F-11D3-BF4B-00C04F79EFBC}") = "14.CalculatingMinimumMaximumEtc", "14.CalculatingMinimumMaximumEtc\14.CalculatingMinimumMaximumEtc.csproj", "{26FF2466-FD96-4D01-9526-AB347440C628}"
EndProject
Project("{FAE04EC0-301F-11D3-BF4B-00C04F79EFBC}") = "15.WorkingWithAnyNumberType", "15.WorkingWithAnyNumberType\15.WorkingWithAnyNumberType.csproj", "{8A6E8962-83DE-469D-A3C4-FEDCD35BB48C}"
EndProject
Global
	GlobalSection(SolutionConfigurationPlatforms) = preSolution
		Debug|x86 = Debug|x86
		Release|x86 = Release|x86
	EndGlobalSection
	GlobalSection(ProjectConfigurationPlatforms) = postSolution
		{CBCEF2E8-46D4-4FD2-A82B-2DEFE3E79A8E}.Debug|x86.ActiveCfg = Debug|x86
		{CBCEF2E8-46D4-4FD2-A82B-2DEFE3E79A8E}.Debug|x86.Build.0 = Debug|x86
		{CBCEF2E8-46D4-4FD2-A82B-2DEFE3E79A8E}.Release|x86.ActiveCfg = Release|x86
		{CBCEF2E8-46D4-4FD2-A82B-2DEFE3E79A8E}.Release|x86.Build.0 = Release|x86
		{AE2DCEC7-F446-47C4-99A2-AEF863157D14}.Debug|x86.ActiveCfg = Debug|x86
		{AE2DCEC7-F446-47C4-99A2-AEF863157D14}.Debug|x86.Build.0 = Debug|x86
		{AE2DCEC7-F446-47C4-99A2-AEF863157D14}.Release|x86.ActiveCfg = Release|x86
		{AE2DCEC7-F446-47C4-99A2-AEF863157D14}.Release|x86.Build.0 = Release|x86
		{B9C44EB7-0E22-42E1-815C-52AEB03E89B0}.Debug|x86.ActiveCfg = Debug|x86
		{B9C44EB7-0E22-42E1-815C-52AEB03E89B0}.Debug|x86.Build.0 = Debug|x86
		{B9C44EB7-0E22-42E1-815C-52AEB03E89B0}.Release|x86.ActiveCfg = Release|x86
		{B9C44EB7-0E22-42E1-815C-52AEB03E89B0}.Release|x86.Build.0 = Release|x86
		{554F81F0-A3B9-4FA5-B1E7-47A533D06F48}.Debug|x86.ActiveCfg = Debug|x86
		{554F81F0-A3B9-4FA5-B1E7-47A533D06F48}.Debug|x86.Build.0 = Debug|x86
		{554F81F0-A3B9-4FA5-B1E7-47A533D06F48}.Release|x86.ActiveCfg = Release|x86
		{554F81F0-A3B9-4FA5-B1E7-47A533D06F48}.Release|x86.Build.0 = Release|x86
		{24414FC3-983C-41DE-ACA4-831F000A02BE}.Debug|x86.ActiveCfg = Debug|x86
		{24414FC3-983C-41DE-ACA4-831F000A02BE}.Debug|x86.Build.0 = Debug|x86
		{24414FC3-983C-41DE-ACA4-831F000A02BE}.Release|x86.ActiveCfg = Release|x86
		{24414FC3-983C-41DE-ACA4-831F000A02BE}.Release|x86.Build.0 = Release|x86
		{31A18777-8877-40E1-8F45-E92625E4ED7D}.Debug|x86.ActiveCfg = Debug|x86
		{31A18777-8877-40E1-8F45-E92625E4ED7D}.Debug|x86.Build.0 = Debug|x86
		{31A18777-8877-40E1-8F45-E92625E4ED7D}.Release|x86.ActiveCfg = Release|x86
		{31A18777-8877-40E1-8F45-E92625E4ED7D}.Release|x86.Build.0 = Release|x86
		{49080E00-24FB-4F68-9F36-C9D742A036D0}.Debug|x86.ActiveCfg = Debug|x86
		{49080E00-24FB-4F68-9F36-C9D742A036D0}.Debug|x86.Build.0 = Debug|x86
		{49080E00-24FB-4F68-9F36-C9D742A036D0}.Release|x86.ActiveCfg = Release|x86
		{49080E00-24FB-4F68-9F36-C9D742A036D0}.Release|x86.Build.0 = Release|x86
		{C23FBBC5-D940-4F64-B0D8-301708594F3F}.Debug|x86.ActiveCfg = Debug|x86
		{C23FBBC5-D940-4F64-B0D8-301708594F3F}.Debug|x86.Build.0 = Debug|x86
		{C23FBBC5-D940-4F64-B0D8-301708594F3F}.Release|x86.ActiveCfg = Release|x86
		{C23FBBC5-D940-4F64-B0D8-301708594F3F}.Release|x86.Build.0 = Release|x86
		{8A47A185-D6C2-436F-94C1-C8BB2FE027E5}.Debug|x86.ActiveCfg = Debug|x86
		{8A47A185-D6C2-436F-94C1-C8BB2FE027E5}.Debug|x86.Build.0 = Debug|x86
		{8A47A185-D6C2-436F-94C1-C8BB2FE027E5}.Release|x86.ActiveCfg = Release|x86
		{8A47A185-D6C2-436F-94C1-C8BB2FE027E5}.Release|x86.Build.0 = Release|x86
		{D971A7BE-F6B0-4316-9AD1-1B7B846A0EFF}.Debug|x86.ActiveCfg = Debug|x86
		{D971A7BE-F6B0-4316-9AD1-1B7B846A0EFF}.Debug|x86.Build.0 = Debug|x86
		{D971A7BE-F6B0-4316-9AD1-1B7B846A0EFF}.Release|x86.ActiveCfg = Release|x86
		{D971A7BE-F6B0-4316-9AD1-1B7B846A0EFF}.Release|x86.Build.0 = Release|x86
		{0D159889-23E9-4007-9700-B289C436FFE2}.Debug|x86.ActiveCfg = Debug|x86
		{0D159889-23E9-4007-9700-B289C436FFE2}.Debug|x86.Build.0 = Debug|x86
		{0D159889-23E9-4007-9700-B289C436FFE2}.Release|x86.ActiveCfg = Release|x86
		{0D159889-23E9-4007-9700-B289C436FFE2}.Release|x86.Build.0 = Release|x86
		{15EB8CCE-C2C7-46A1-A2DA-28BC7F7BDA5A}.Debug|x86.ActiveCfg = Debug|x86
		{15EB8CCE-C2C7-46A1-A2DA-28BC7F7BDA5A}.Debug|x86.Build.0 = Debug|x86
		{15EB8CCE-C2C7-46A1-A2DA-28BC7F7BDA5A}.Release|x86.ActiveCfg = Release|x86
		{15EB8CCE-C2C7-46A1-A2DA-28BC7F7BDA5A}.Release|x86.Build.0 = Release|x86
		{D931E449-B5FC-42CA-92FE-F72969FD6167}.Debug|x86.ActiveCfg = Debug|x86
		{D931E449-B5FC-42CA-92FE-F72969FD6167}.Debug|x86.Build.0 = Debug|x86
		{D931E449-B5FC-42CA-92FE-F72969FD6167}.Release|x86.ActiveCfg = Release|x86
		{D931E449-B5FC-42CA-92FE-F72969FD6167}.Release|x86.Build.0 = Release|x86
		{26FF2466-FD96-4D01-9526-AB347440C628}.Debug|x86.ActiveCfg = Debug|x86
		{26FF2466-FD96-4D01-9526-AB347440C628}.Debug|x86.Build.0 = Debug|x86
		{26FF2466-FD96-4D01-9526-AB347440C628}.Release|x86.ActiveCfg = Release|x86
		{26FF2466-FD96-4D01-9526-AB347440C628}.Release|x86.Build.0 = Release|x86
		{8A6E8962-83DE-469D-A3C4-FEDCD35BB48C}.Debug|x86.ActiveCfg = Debug|x86
		{8A6E8962-83DE-469D-A3C4-FEDCD35BB48C}.Debug|x86.Build.0 = Debug|x86
		{8A6E8962-83DE-469D-A3C4-FEDCD35BB48C}.Release|x86.ActiveCfg = Release|x86
		{8A6E8962-83DE-469D-A3C4-FEDCD35BB48C}.Release|x86.Build.0 = Release|x86
	EndGlobalSection
	GlobalSection(SolutionProperties) = preSolution
		HideSolutionNode = FALSE
	EndGlobalSection
EndGlobal
