
Microsoft Visual Studio Solution File, Format Version 11.00
# Visual C# Express 2010
Project("{FAE04EC0-301F-11D3-BF4B-00C04F79EFBC}") = "1.PrintingOddLines", "1.PrintingOddLines\1.PrintingOddLines.csproj", "{E1A6D2D6-63E3-4BBE-86EA-12709ACF23A8}"
EndProject
Project("{FAE04EC0-301F-11D3-BF4B-00C04F79EFBC}") = "2.ConcatenatingTwoFilesIntoAnother", "2.ConcatenatingTwoFilesIntoAnother\2.ConcatenatingTwoFilesIntoAnother.csproj", "{70EDB13F-9831-4123-B46D-4F40E40A7C0E}"
EndProject
Project("{FAE04EC0-301F-11D3-BF4B-00C04F79EFBC}") = "3.AddingNumberOfLines", "3.AddingNumberOfLines\3.AddingNumberOfLines.csproj", "{04444163-119C-405C-ABB7-FF2BD97BBD07}"
EndProject
Project("{FAE04EC0-301F-11D3-BF4B-00C04F79EFBC}") = "4.ComparingTwoFilesLineByLine", "4.ComparingTwoFilesLineByLine\4.ComparingTwoFilesLineByLine.csproj", "{3BE4EC5A-DB26-4B85-ADDD-2FCE0FB461DC}"
EndProject
Project("{FAE04EC0-301F-11D3-BF4B-00C04F79EFBC}") = "5.MaximalSumOfSquareMatrix", "5.MaximalSumOfSquareMatrix\5.MaximalSumOfSquareMatrix.csproj", "{013E82C2-765C-49BA-B40C-C171F6B276C1}"
EndProject
Project("{FAE04EC0-301F-11D3-BF4B-00C04F79EFBC}") = "6.SortingStrings", "6.SortingStrings\6.SortingStrings.csproj", "{56EA82C8-3BAA-4353-B143-951EEFB119EE}"
EndProject
Project("{FAE04EC0-301F-11D3-BF4B-00C04F79EFBC}") = "7.ReplacingStartWithFinish", "7.ReplacingStartWithFinish\7.ReplacingStartWithFinish.csproj", "{D0CA0825-4AEE-4914-B422-38152ECA605B}"
EndProject
Project("{FAE04EC0-301F-11D3-BF4B-00C04F79EFBC}") = "8.ReplacingWholeWords", "8.ReplacingWholeWords\8.ReplacingWholeWords.csproj", "{878924A2-088F-4B6B-B54C-528B346E0DCC}"
EndProject
Project("{FAE04EC0-301F-11D3-BF4B-00C04F79EFBC}") = "9.DeletingOddLines", "9.DeletingOddLines\9.DeletingOddLines.csproj", "{ECE6173A-076E-4E67-882D-FCF1F80608B6}"
EndProject
Project("{FAE04EC0-301F-11D3-BF4B-00C04F79EFBC}") = "10.ExtractingAllTextWithoutTheTags", "10.ExtractingAllTextWithoutTheTags\10.ExtractingAllTextWithoutTheTags.csproj", "{8A28F1DE-5E48-4CFF-8313-30E4B912BEF7}"
EndProject
Project("{FAE04EC0-301F-11D3-BF4B-00C04F79EFBC}") = "11.DeletingAllWordsStartingWithThePrefixTest", "11.DeletingAllWordsStartingWithThePrefixTest\11.DeletingAllWordsStartingWithThePrefixTest.csproj", "{39287513-E568-4DF4-885E-77E2088CD2A9}"
EndProject
Project("{FAE04EC0-301F-11D3-BF4B-00C04F79EFBC}") = "12.RemovingWordsFromAnotherTextFile", "12.RemovingWordsFromAnotherTextFile\12.RemovingWordsFromAnotherTextFile.csproj", "{963EF4AE-889D-40F6-A71C-E17DEE70135E}"
EndProject
Project("{FAE04EC0-301F-11D3-BF4B-00C04F79EFBC}") = "13.TimesThatWordsAreContainingInAnotherFile", "13.TimesThatWordsAreContainingInAnotherFile\13.TimesThatWordsAreContainingInAnotherFile.csproj", "{2BF3C2E8-FB3A-4848-8276-93481580D3D1}"
EndProject
Global
	GlobalSection(SolutionConfigurationPlatforms) = preSolution
		Debug|x86 = Debug|x86
		Release|x86 = Release|x86
	EndGlobalSection
	GlobalSection(ProjectConfigurationPlatforms) = postSolution
		{E1A6D2D6-63E3-4BBE-86EA-12709ACF23A8}.Debug|x86.ActiveCfg = Debug|x86
		{E1A6D2D6-63E3-4BBE-86EA-12709ACF23A8}.Debug|x86.Build.0 = Debug|x86
		{E1A6D2D6-63E3-4BBE-86EA-12709ACF23A8}.Release|x86.ActiveCfg = Release|x86
		{E1A6D2D6-63E3-4BBE-86EA-12709ACF23A8}.Release|x86.Build.0 = Release|x86
		{70EDB13F-9831-4123-B46D-4F40E40A7C0E}.Debug|x86.ActiveCfg = Debug|x86
		{70EDB13F-9831-4123-B46D-4F40E40A7C0E}.Debug|x86.Build.0 = Debug|x86
		{70EDB13F-9831-4123-B46D-4F40E40A7C0E}.Release|x86.ActiveCfg = Release|x86
		{70EDB13F-9831-4123-B46D-4F40E40A7C0E}.Release|x86.Build.0 = Release|x86
		{04444163-119C-405C-ABB7-FF2BD97BBD07}.Debug|x86.ActiveCfg = Debug|x86
		{04444163-119C-405C-ABB7-FF2BD97BBD07}.Debug|x86.Build.0 = Debug|x86
		{04444163-119C-405C-ABB7-FF2BD97BBD07}.Release|x86.ActiveCfg = Release|x86
		{04444163-119C-405C-ABB7-FF2BD97BBD07}.Release|x86.Build.0 = Release|x86
		{3BE4EC5A-DB26-4B85-ADDD-2FCE0FB461DC}.Debug|x86.ActiveCfg = Debug|x86
		{3BE4EC5A-DB26-4B85-ADDD-2FCE0FB461DC}.Debug|x86.Build.0 = Debug|x86
		{3BE4EC5A-DB26-4B85-ADDD-2FCE0FB461DC}.Release|x86.ActiveCfg = Release|x86
		{3BE4EC5A-DB26-4B85-ADDD-2FCE0FB461DC}.Release|x86.Build.0 = Release|x86
		{013E82C2-765C-49BA-B40C-C171F6B276C1}.Debug|x86.ActiveCfg = Debug|x86
		{013E82C2-765C-49BA-B40C-C171F6B276C1}.Debug|x86.Build.0 = Debug|x86
		{013E82C2-765C-49BA-B40C-C171F6B276C1}.Release|x86.ActiveCfg = Release|x86
		{013E82C2-765C-49BA-B40C-C171F6B276C1}.Release|x86.Build.0 = Release|x86
		{56EA82C8-3BAA-4353-B143-951EEFB119EE}.Debug|x86.ActiveCfg = Debug|x86
		{56EA82C8-3BAA-4353-B143-951EEFB119EE}.Debug|x86.Build.0 = Debug|x86
		{56EA82C8-3BAA-4353-B143-951EEFB119EE}.Release|x86.ActiveCfg = Release|x86
		{56EA82C8-3BAA-4353-B143-951EEFB119EE}.Release|x86.Build.0 = Release|x86
		{D0CA0825-4AEE-4914-B422-38152ECA605B}.Debug|x86.ActiveCfg = Debug|x86
		{D0CA0825-4AEE-4914-B422-38152ECA605B}.Debug|x86.Build.0 = Debug|x86
		{D0CA0825-4AEE-4914-B422-38152ECA605B}.Release|x86.ActiveCfg = Release|x86
		{D0CA0825-4AEE-4914-B422-38152ECA605B}.Release|x86.Build.0 = Release|x86
		{878924A2-088F-4B6B-B54C-528B346E0DCC}.Debug|x86.ActiveCfg = Debug|x86
		{878924A2-088F-4B6B-B54C-528B346E0DCC}.Debug|x86.Build.0 = Debug|x86
		{878924A2-088F-4B6B-B54C-528B346E0DCC}.Release|x86.ActiveCfg = Release|x86
		{878924A2-088F-4B6B-B54C-528B346E0DCC}.Release|x86.Build.0 = Release|x86
		{ECE6173A-076E-4E67-882D-FCF1F80608B6}.Debug|x86.ActiveCfg = Debug|x86
		{ECE6173A-076E-4E67-882D-FCF1F80608B6}.Debug|x86.Build.0 = Debug|x86
		{ECE6173A-076E-4E67-882D-FCF1F80608B6}.Release|x86.ActiveCfg = Release|x86
		{ECE6173A-076E-4E67-882D-FCF1F80608B6}.Release|x86.Build.0 = Release|x86
		{8A28F1DE-5E48-4CFF-8313-30E4B912BEF7}.Debug|x86.ActiveCfg = Debug|x86
		{8A28F1DE-5E48-4CFF-8313-30E4B912BEF7}.Debug|x86.Build.0 = Debug|x86
		{8A28F1DE-5E48-4CFF-8313-30E4B912BEF7}.Release|x86.ActiveCfg = Release|x86
		{8A28F1DE-5E48-4CFF-8313-30E4B912BEF7}.Release|x86.Build.0 = Release|x86
		{39287513-E568-4DF4-885E-77E2088CD2A9}.Debug|x86.ActiveCfg = Debug|x86
		{39287513-E568-4DF4-885E-77E2088CD2A9}.Debug|x86.Build.0 = Debug|x86
		{39287513-E568-4DF4-885E-77E2088CD2A9}.Release|x86.ActiveCfg = Release|x86
		{39287513-E568-4DF4-885E-77E2088CD2A9}.Release|x86.Build.0 = Release|x86
		{963EF4AE-889D-40F6-A71C-E17DEE70135E}.Debug|x86.ActiveCfg = Debug|x86
		{963EF4AE-889D-40F6-A71C-E17DEE70135E}.Debug|x86.Build.0 = Debug|x86
		{963EF4AE-889D-40F6-A71C-E17DEE70135E}.Release|x86.ActiveCfg = Release|x86
		{963EF4AE-889D-40F6-A71C-E17DEE70135E}.Release|x86.Build.0 = Release|x86
		{2BF3C2E8-FB3A-4848-8276-93481580D3D1}.Debug|x86.ActiveCfg = Debug|x86
		{2BF3C2E8-FB3A-4848-8276-93481580D3D1}.Debug|x86.Build.0 = Debug|x86
		{2BF3C2E8-FB3A-4848-8276-93481580D3D1}.Release|x86.ActiveCfg = Release|x86
		{2BF3C2E8-FB3A-4848-8276-93481580D3D1}.Release|x86.Build.0 = Release|x86
	EndGlobalSection
	GlobalSection(SolutionProperties) = preSolution
		HideSolutionNode = FALSE
	EndGlobalSection
EndGlobal
