
Microsoft Visual Studio Solution File, Format Version 11.00
# Visual C# Express 2010
Project("{FAE04EC0-301F-11D3-BF4B-00C04F79EFBC}") = "1.CheckingForLeapYear", "1.CheckingForLeapYear\1.CheckingForLeapYear.csproj", "{04E1234D-9909-4C21-9F71-9EBA91A7360A}"
EndProject
Project("{FAE04EC0-301F-11D3-BF4B-00C04F79EFBC}") = "2.GeneratingRandomNumbers", "2.GeneratingRandomNumbers\2.GeneratingRandomNumbers.csproj", "{5E57B0F0-1C1D-47C0-AC00-675409E51F7E}"
EndProject
Project("{FAE04EC0-301F-11D3-BF4B-00C04F79EFBC}") = "3.DayOfWeek", "3.DayOfWeek\3.DayOfWeek.csproj", "{A1F6FEC1-279C-4BF4-851D-432FC8CC0872}"
EndProject
Project("{FAE04EC0-301F-11D3-BF4B-00C04F79EFBC}") = "4.CalculatingTheSurfaceOfATriangle", "4.CalculatingTheSurfaceOfATriangle\4.CalculatingTheSurfaceOfATriangle.csproj", "{F28A72A1-A4FC-4FCA-BCB6-D4F2BB16FEFC}"
EndProject
Project("{FAE04EC0-301F-11D3-BF4B-00C04F79EFBC}") = "5.CalculatingTheWorkdays", "5.CalculatingTheWorkdays\5.CalculatingTheWorkdays.csproj", "{D764506B-F25A-41B9-9999-1EEB7FFA016A}"
EndProject
Project("{FAE04EC0-301F-11D3-BF4B-00C04F79EFBC}") = "6.CalculatingSumOfIntegersWrittenIntoAString", "6.CalculatingSumOfIntegersWrittenIntoAString\6.CalculatingSumOfIntegersWrittenIntoAString.csproj", "{B53FD460-30AB-4E3B-A5FE-ACA4B9614316}"
EndProject
Project("{FAE04EC0-301F-11D3-BF4B-00C04F79EFBC}") = "7.ArithmeticalExpression", "7.ArithmeticalExpression\7.ArithmeticalExpression.csproj", "{D52D5097-B810-4D48-947C-67FE720FBD2B}"
EndProject
Global
	GlobalSection(SolutionConfigurationPlatforms) = preSolution
		Debug|x86 = Debug|x86
		Release|x86 = Release|x86
	EndGlobalSection
	GlobalSection(ProjectConfigurationPlatforms) = postSolution
		{04E1234D-9909-4C21-9F71-9EBA91A7360A}.Debug|x86.ActiveCfg = Debug|x86
		{04E1234D-9909-4C21-9F71-9EBA91A7360A}.Debug|x86.Build.0 = Debug|x86
		{04E1234D-9909-4C21-9F71-9EBA91A7360A}.Release|x86.ActiveCfg = Release|x86
		{04E1234D-9909-4C21-9F71-9EBA91A7360A}.Release|x86.Build.0 = Release|x86
		{5E57B0F0-1C1D-47C0-AC00-675409E51F7E}.Debug|x86.ActiveCfg = Debug|x86
		{5E57B0F0-1C1D-47C0-AC00-675409E51F7E}.Debug|x86.Build.0 = Debug|x86
		{5E57B0F0-1C1D-47C0-AC00-675409E51F7E}.Release|x86.ActiveCfg = Release|x86
		{5E57B0F0-1C1D-47C0-AC00-675409E51F7E}.Release|x86.Build.0 = Release|x86
		{A1F6FEC1-279C-4BF4-851D-432FC8CC0872}.Debug|x86.ActiveCfg = Debug|x86
		{A1F6FEC1-279C-4BF4-851D-432FC8CC0872}.Debug|x86.Build.0 = Debug|x86
		{A1F6FEC1-279C-4BF4-851D-432FC8CC0872}.Release|x86.ActiveCfg = Release|x86
		{A1F6FEC1-279C-4BF4-851D-432FC8CC0872}.Release|x86.Build.0 = Release|x86
		{F28A72A1-A4FC-4FCA-BCB6-D4F2BB16FEFC}.Debug|x86.ActiveCfg = Debug|x86
		{F28A72A1-A4FC-4FCA-BCB6-D4F2BB16FEFC}.Debug|x86.Build.0 = Debug|x86
		{F28A72A1-A4FC-4FCA-BCB6-D4F2BB16FEFC}.Release|x86.ActiveCfg = Release|x86
		{F28A72A1-A4FC-4FCA-BCB6-D4F2BB16FEFC}.Release|x86.Build.0 = Release|x86
		{D764506B-F25A-41B9-9999-1EEB7FFA016A}.Debug|x86.ActiveCfg = Debug|x86
		{D764506B-F25A-41B9-9999-1EEB7FFA016A}.Debug|x86.Build.0 = Debug|x86
		{D764506B-F25A-41B9-9999-1EEB7FFA016A}.Release|x86.ActiveCfg = Release|x86
		{D764506B-F25A-41B9-9999-1EEB7FFA016A}.Release|x86.Build.0 = Release|x86
		{B53FD460-30AB-4E3B-A5FE-ACA4B9614316}.Debug|x86.ActiveCfg = Debug|x86
		{B53FD460-30AB-4E3B-A5FE-ACA4B9614316}.Debug|x86.Build.0 = Debug|x86
		{B53FD460-30AB-4E3B-A5FE-ACA4B9614316}.Release|x86.ActiveCfg = Release|x86
		{B53FD460-30AB-4E3B-A5FE-ACA4B9614316}.Release|x86.Build.0 = Release|x86
		{D52D5097-B810-4D48-947C-67FE720FBD2B}.Debug|x86.ActiveCfg = Debug|x86
		{D52D5097-B810-4D48-947C-67FE720FBD2B}.Debug|x86.Build.0 = Debug|x86
		{D52D5097-B810-4D48-947C-67FE720FBD2B}.Release|x86.ActiveCfg = Release|x86
		{D52D5097-B810-4D48-947C-67FE720FBD2B}.Release|x86.Build.0 = Release|x86
	EndGlobalSection
	GlobalSection(SolutionProperties) = preSolution
		HideSolutionNode = FALSE
	EndGlobalSection
EndGlobal
