
Microsoft Visual Studio Solution File, Format Version 11.00
# Visual C# Express 2010
Project("{FAE04EC0-301F-11D3-BF4B-00C04F79EFBC}") = "01.AppropriateTypes", "01.AppropriateTypes\01.AppropriateTypes.csproj", "{B291892C-93A7-4DE5-BCA7-2FFD75DD08E3}"
EndProject
Project("{FAE04EC0-301F-11D3-BF4B-00C04F79EFBC}") = "02.FloatOrDouble", "02.FloatOrDouble\02.FloatOrDouble.csproj", "{722F6849-C65F-4E36-9E69-0FE2E89FEFCE}"
EndProject
Project("{FAE04EC0-301F-11D3-BF4B-00C04F79EFBC}") = "04.HexadecimalFormat", "04.HexadecimalFormat\04.HexadecimalFormat.csproj", "{F2D67BCD-4148-4C65-AC63-C4F24D4EA8E7}"
EndProject
Project("{FAE04EC0-301F-11D3-BF4B-00C04F79EFBC}") = "05.SymbolUnicode", "05.SymbolUnicode\05.SymbolUnicode.csproj", "{D5E2AE71-C4BC-47D2-AB42-067F2EFF5727}"
EndProject
Project("{FAE04EC0-301F-11D3-BF4B-00C04F79EFBC}") = "06.IsFemaleBoolean", "06.IsFemaleBoolean\06.IsFemaleBoolean.csproj", "{708BCFD2-360A-4D82-AD9A-3A251948B3E7}"
EndProject
Project("{FAE04EC0-301F-11D3-BF4B-00C04F79EFBC}") = "07.StringHelloWorld", "07.StringHelloWorld\07.StringHelloWorld.csproj", "{7CEE521B-DD83-4836-AADA-1FDA21B15ADA}"
EndProject
Project("{FAE04EC0-301F-11D3-BF4B-00C04F79EFBC}") = "08.TwoStringWays", "08.TwoStringWays\08.TwoStringWays.csproj", "{8B5087C5-1659-4F8E-9764-4E1089A133AD}"
EndProject
Project("{FAE04EC0-301F-11D3-BF4B-00C04F79EFBC}") = "09.IsoscelesTriangle", "09.IsoscelesTriangle\09.IsoscelesTriangle.csproj", "{722F74B4-8CD1-4675-8583-F09EC9997CB1}"
EndProject
Project("{FAE04EC0-301F-11D3-BF4B-00C04F79EFBC}") = "10.MarketingFirm", "10.MarketingFirm\10.MarketingFirm.csproj", "{57D35B05-9E59-4614-B1D2-5D758DEE60B0}"
EndProject
Project("{FAE04EC0-301F-11D3-BF4B-00C04F79EFBC}") = "11.ChangingValues", "11.ChangingValues\11.ChangingValues.csproj", "{32A61BF3-119A-4117-AA76-9E762C66AEF1}"
EndProject
Project("{FAE04EC0-301F-11D3-BF4B-00C04F79EFBC}") = "12.ASCIITableOfCharacters", "12.ASCIITableOfCharacters\12.ASCIITableOfCharacters.csproj", "{9D92C9D0-702C-484B-A85E-28EF43F2B9BB}"
EndProject
Project("{FAE04EC0-301F-11D3-BF4B-00C04F79EFBC}") = "13.NullValues", "13.NullValues\13.NullValues.csproj", "{68D1C53C-4716-4122-B033-C5475079975E}"
EndProject
Project("{FAE04EC0-301F-11D3-BF4B-00C04F79EFBC}") = "14.BankAccount", "14.BankAccount\14.BankAccount.csproj", "{7A06938F-5733-422E-B4A2-76A311C482E0}"
EndProject
Project("{FAE04EC0-301F-11D3-BF4B-00C04F79EFBC}") = "03.ComparingFloatingPoint", "03.ComparingFloatingPoint\03.ComparingFloatingPoint.csproj", "{134158ED-A72E-47A0-92C5-3A3BBCA4E2BE}"
EndProject
Global
	GlobalSection(SolutionConfigurationPlatforms) = preSolution
		Debug|x86 = Debug|x86
		Release|x86 = Release|x86
	EndGlobalSection
	GlobalSection(ProjectConfigurationPlatforms) = postSolution
		{B291892C-93A7-4DE5-BCA7-2FFD75DD08E3}.Debug|x86.ActiveCfg = Debug|x86
		{B291892C-93A7-4DE5-BCA7-2FFD75DD08E3}.Debug|x86.Build.0 = Debug|x86
		{B291892C-93A7-4DE5-BCA7-2FFD75DD08E3}.Release|x86.ActiveCfg = Release|x86
		{B291892C-93A7-4DE5-BCA7-2FFD75DD08E3}.Release|x86.Build.0 = Release|x86
		{722F6849-C65F-4E36-9E69-0FE2E89FEFCE}.Debug|x86.ActiveCfg = Debug|x86
		{722F6849-C65F-4E36-9E69-0FE2E89FEFCE}.Debug|x86.Build.0 = Debug|x86
		{722F6849-C65F-4E36-9E69-0FE2E89FEFCE}.Release|x86.ActiveCfg = Release|x86
		{722F6849-C65F-4E36-9E69-0FE2E89FEFCE}.Release|x86.Build.0 = Release|x86
		{F2D67BCD-4148-4C65-AC63-C4F24D4EA8E7}.Debug|x86.ActiveCfg = Debug|x86
		{F2D67BCD-4148-4C65-AC63-C4F24D4EA8E7}.Debug|x86.Build.0 = Debug|x86
		{F2D67BCD-4148-4C65-AC63-C4F24D4EA8E7}.Release|x86.ActiveCfg = Release|x86
		{F2D67BCD-4148-4C65-AC63-C4F24D4EA8E7}.Release|x86.Build.0 = Release|x86
		{D5E2AE71-C4BC-47D2-AB42-067F2EFF5727}.Debug|x86.ActiveCfg = Debug|x86
		{D5E2AE71-C4BC-47D2-AB42-067F2EFF5727}.Debug|x86.Build.0 = Debug|x86
		{D5E2AE71-C4BC-47D2-AB42-067F2EFF5727}.Release|x86.ActiveCfg = Release|x86
		{D5E2AE71-C4BC-47D2-AB42-067F2EFF5727}.Release|x86.Build.0 = Release|x86
		{708BCFD2-360A-4D82-AD9A-3A251948B3E7}.Debug|x86.ActiveCfg = Debug|x86
		{708BCFD2-360A-4D82-AD9A-3A251948B3E7}.Debug|x86.Build.0 = Debug|x86
		{708BCFD2-360A-4D82-AD9A-3A251948B3E7}.Release|x86.ActiveCfg = Release|x86
		{708BCFD2-360A-4D82-AD9A-3A251948B3E7}.Release|x86.Build.0 = Release|x86
		{7CEE521B-DD83-4836-AADA-1FDA21B15ADA}.Debug|x86.ActiveCfg = Debug|x86
		{7CEE521B-DD83-4836-AADA-1FDA21B15ADA}.Debug|x86.Build.0 = Debug|x86
		{7CEE521B-DD83-4836-AADA-1FDA21B15ADA}.Release|x86.ActiveCfg = Release|x86
		{7CEE521B-DD83-4836-AADA-1FDA21B15ADA}.Release|x86.Build.0 = Release|x86
		{8B5087C5-1659-4F8E-9764-4E1089A133AD}.Debug|x86.ActiveCfg = Debug|x86
		{8B5087C5-1659-4F8E-9764-4E1089A133AD}.Debug|x86.Build.0 = Debug|x86
		{8B5087C5-1659-4F8E-9764-4E1089A133AD}.Release|x86.ActiveCfg = Release|x86
		{8B5087C5-1659-4F8E-9764-4E1089A133AD}.Release|x86.Build.0 = Release|x86
		{722F74B4-8CD1-4675-8583-F09EC9997CB1}.Debug|x86.ActiveCfg = Debug|x86
		{722F74B4-8CD1-4675-8583-F09EC9997CB1}.Debug|x86.Build.0 = Debug|x86
		{722F74B4-8CD1-4675-8583-F09EC9997CB1}.Release|x86.ActiveCfg = Release|x86
		{722F74B4-8CD1-4675-8583-F09EC9997CB1}.Release|x86.Build.0 = Release|x86
		{57D35B05-9E59-4614-B1D2-5D758DEE60B0}.Debug|x86.ActiveCfg = Debug|x86
		{57D35B05-9E59-4614-B1D2-5D758DEE60B0}.Debug|x86.Build.0 = Debug|x86
		{57D35B05-9E59-4614-B1D2-5D758DEE60B0}.Release|x86.ActiveCfg = Release|x86
		{57D35B05-9E59-4614-B1D2-5D758DEE60B0}.Release|x86.Build.0 = Release|x86
		{32A61BF3-119A-4117-AA76-9E762C66AEF1}.Debug|x86.ActiveCfg = Debug|x86
		{32A61BF3-119A-4117-AA76-9E762C66AEF1}.Debug|x86.Build.0 = Debug|x86
		{32A61BF3-119A-4117-AA76-9E762C66AEF1}.Release|x86.ActiveCfg = Release|x86
		{32A61BF3-119A-4117-AA76-9E762C66AEF1}.Release|x86.Build.0 = Release|x86
		{9D92C9D0-702C-484B-A85E-28EF43F2B9BB}.Debug|x86.ActiveCfg = Debug|x86
		{9D92C9D0-702C-484B-A85E-28EF43F2B9BB}.Debug|x86.Build.0 = Debug|x86
		{9D92C9D0-702C-484B-A85E-28EF43F2B9BB}.Release|x86.ActiveCfg = Release|x86
		{9D92C9D0-702C-484B-A85E-28EF43F2B9BB}.Release|x86.Build.0 = Release|x86
		{68D1C53C-4716-4122-B033-C5475079975E}.Debug|x86.ActiveCfg = Debug|x86
		{68D1C53C-4716-4122-B033-C5475079975E}.Debug|x86.Build.0 = Debug|x86
		{68D1C53C-4716-4122-B033-C5475079975E}.Release|x86.ActiveCfg = Release|x86
		{68D1C53C-4716-4122-B033-C5475079975E}.Release|x86.Build.0 = Release|x86
		{7A06938F-5733-422E-B4A2-76A311C482E0}.Debug|x86.ActiveCfg = Debug|x86
		{7A06938F-5733-422E-B4A2-76A311C482E0}.Debug|x86.Build.0 = Debug|x86
		{7A06938F-5733-422E-B4A2-76A311C482E0}.Release|x86.ActiveCfg = Release|x86
		{7A06938F-5733-422E-B4A2-76A311C482E0}.Release|x86.Build.0 = Release|x86
		{134158ED-A72E-47A0-92C5-3A3BBCA4E2BE}.Debug|x86.ActiveCfg = Debug|x86
		{134158ED-A72E-47A0-92C5-3A3BBCA4E2BE}.Debug|x86.Build.0 = Debug|x86
		{134158ED-A72E-47A0-92C5-3A3BBCA4E2BE}.Release|x86.ActiveCfg = Release|x86
		{134158ED-A72E-47A0-92C5-3A3BBCA4E2BE}.Release|x86.Build.0 = Release|x86
	EndGlobalSection
	GlobalSection(SolutionProperties) = preSolution
		HideSolutionNode = FALSE
	EndGlobalSection
EndGlobal
