
Microsoft Visual Studio Solution File, Format Version 11.00
# Visual C# Express 2010
Project("{FAE04EC0-301F-11D3-BF4B-00C04F79EFBC}") = "01.Numbers1ToN", "01.Numbers1ToN\01.Numbers1ToN.csproj", "{E4B45462-4307-4B67-869A-4135CAE9DDDE}"
EndProject
Project("{FAE04EC0-301F-11D3-BF4B-00C04F79EFBC}") = "02.NotDivisibleBy3And7", "02.NotDivisibleBy3And7\02.NotDivisibleBy3And7.csproj", "{0CB952DB-C592-4976-990C-435A35A3A82C}"
EndProject
Project("{FAE04EC0-301F-11D3-BF4B-00C04F79EFBC}") = "03.MinimalAndMaximalOfSequenceOfNumbers", "03.MinimalAndMaximalOfSequenceOfNumbers\03.MinimalAndMaximalOfSequenceOfNumbers.csproj", "{F8B4EC78-160A-4D9F-8C1D-E168558F0865}"
EndProject
Project("{FAE04EC0-301F-11D3-BF4B-00C04F79EFBC}") = "04.NAndKFactorial", "04.NAndKFactorial\04.NAndKFactorial.csproj", "{AF83926A-38D4-491E-B113-D8FC6B743CA4}"
EndProject
Project("{FAE04EC0-301F-11D3-BF4B-00C04F79EFBC}") = "05.KBiggerThanNFactorial", "05.KBiggerThanNFactorial\05.KBiggerThanNFactorial.csproj", "{944440ED-9DE7-4AA3-B158-A65DCF4863CE}"
EndProject
Project("{FAE04EC0-301F-11D3-BF4B-00C04F79EFBC}") = "06.NAndXSum", "06.NAndXSum\06.NAndXSum.csproj", "{5C3F4EB8-906F-4287-804D-4212A75BCB46}"
EndProject
Project("{FAE04EC0-301F-11D3-BF4B-00C04F79EFBC}") = "07.FibonacciSequence", "07.FibonacciSequence\07.FibonacciSequence.csproj", "{2761D231-541A-4BF4-AB8D-4ACE3444E4B7}"
EndProject
Project("{FAE04EC0-301F-11D3-BF4B-00C04F79EFBC}") = "08.TheGreatestCommonDivisor", "08.TheGreatestCommonDivisor\08.TheGreatestCommonDivisor.csproj", "{8F0BC44D-4614-4C2C-85A3-08A467828633}"
EndProject
Project("{FAE04EC0-301F-11D3-BF4B-00C04F79EFBC}") = "09.CatalanNumber", "09.CatalanNumber\09.CatalanNumber.csproj", "{0CFCC478-9CBE-40F8-8D15-A77B0BE2FCC3}"
EndProject
Project("{FAE04EC0-301F-11D3-BF4B-00C04F79EFBC}") = "10.CatalanNumberForNNumber", "10.CatalanNumberForNNumber\10.CatalanNumberForNNumber.csproj", "{7272B73E-E381-4A83-A008-1532C05B16B2}"
EndProject
Project("{FAE04EC0-301F-11D3-BF4B-00C04F79EFBC}") = "11.CardsFromStandardDeck", "11.CardsFromStandardDeck\11.CardsFromStandardDeck.csproj", "{D242413D-7E76-4C78-9F9A-2277ACD81662}"
EndProject
Project("{FAE04EC0-301F-11D3-BF4B-00C04F79EFBC}") = "12.OutputsAMatrix", "12.OutputsAMatrix\12.OutputsAMatrix.csproj", "{3882034F-6086-4972-8610-824AA7B98204}"
EndProject
Project("{FAE04EC0-301F-11D3-BF4B-00C04F79EFBC}") = "13.TrailingZeros", "13.TrailingZeros\13.TrailingZeros.csproj", "{DAE00E37-79D5-4811-8898-240EEBF88278}"
EndProject
Project("{FAE04EC0-301F-11D3-BF4B-00C04F79EFBC}") = "14.NumbersAsSpiral", "14.NumbersAsSpiral\14.NumbersAsSpiral.csproj", "{6513D760-68CB-435B-AD3C-0EE3D355F56B}"
EndProject
Global
	GlobalSection(SolutionConfigurationPlatforms) = preSolution
		Debug|x86 = Debug|x86
		Release|x86 = Release|x86
	EndGlobalSection
	GlobalSection(ProjectConfigurationPlatforms) = postSolution
		{E4B45462-4307-4B67-869A-4135CAE9DDDE}.Debug|x86.ActiveCfg = Debug|x86
		{E4B45462-4307-4B67-869A-4135CAE9DDDE}.Debug|x86.Build.0 = Debug|x86
		{E4B45462-4307-4B67-869A-4135CAE9DDDE}.Release|x86.ActiveCfg = Release|x86
		{E4B45462-4307-4B67-869A-4135CAE9DDDE}.Release|x86.Build.0 = Release|x86
		{0CB952DB-C592-4976-990C-435A35A3A82C}.Debug|x86.ActiveCfg = Debug|x86
		{0CB952DB-C592-4976-990C-435A35A3A82C}.Debug|x86.Build.0 = Debug|x86
		{0CB952DB-C592-4976-990C-435A35A3A82C}.Release|x86.ActiveCfg = Release|x86
		{0CB952DB-C592-4976-990C-435A35A3A82C}.Release|x86.Build.0 = Release|x86
		{F8B4EC78-160A-4D9F-8C1D-E168558F0865}.Debug|x86.ActiveCfg = Debug|x86
		{F8B4EC78-160A-4D9F-8C1D-E168558F0865}.Debug|x86.Build.0 = Debug|x86
		{F8B4EC78-160A-4D9F-8C1D-E168558F0865}.Release|x86.ActiveCfg = Release|x86
		{F8B4EC78-160A-4D9F-8C1D-E168558F0865}.Release|x86.Build.0 = Release|x86
		{AF83926A-38D4-491E-B113-D8FC6B743CA4}.Debug|x86.ActiveCfg = Debug|x86
		{AF83926A-38D4-491E-B113-D8FC6B743CA4}.Debug|x86.Build.0 = Debug|x86
		{AF83926A-38D4-491E-B113-D8FC6B743CA4}.Release|x86.ActiveCfg = Release|x86
		{AF83926A-38D4-491E-B113-D8FC6B743CA4}.Release|x86.Build.0 = Release|x86
		{944440ED-9DE7-4AA3-B158-A65DCF4863CE}.Debug|x86.ActiveCfg = Debug|x86
		{944440ED-9DE7-4AA3-B158-A65DCF4863CE}.Debug|x86.Build.0 = Debug|x86
		{944440ED-9DE7-4AA3-B158-A65DCF4863CE}.Release|x86.ActiveCfg = Release|x86
		{944440ED-9DE7-4AA3-B158-A65DCF4863CE}.Release|x86.Build.0 = Release|x86
		{5C3F4EB8-906F-4287-804D-4212A75BCB46}.Debug|x86.ActiveCfg = Debug|x86
		{5C3F4EB8-906F-4287-804D-4212A75BCB46}.Debug|x86.Build.0 = Debug|x86
		{5C3F4EB8-906F-4287-804D-4212A75BCB46}.Release|x86.ActiveCfg = Release|x86
		{5C3F4EB8-906F-4287-804D-4212A75BCB46}.Release|x86.Build.0 = Release|x86
		{2761D231-541A-4BF4-AB8D-4ACE3444E4B7}.Debug|x86.ActiveCfg = Debug|x86
		{2761D231-541A-4BF4-AB8D-4ACE3444E4B7}.Debug|x86.Build.0 = Debug|x86
		{2761D231-541A-4BF4-AB8D-4ACE3444E4B7}.Release|x86.ActiveCfg = Release|x86
		{2761D231-541A-4BF4-AB8D-4ACE3444E4B7}.Release|x86.Build.0 = Release|x86
		{8F0BC44D-4614-4C2C-85A3-08A467828633}.Debug|x86.ActiveCfg = Debug|x86
		{8F0BC44D-4614-4C2C-85A3-08A467828633}.Debug|x86.Build.0 = Debug|x86
		{8F0BC44D-4614-4C2C-85A3-08A467828633}.Release|x86.ActiveCfg = Release|x86
		{8F0BC44D-4614-4C2C-85A3-08A467828633}.Release|x86.Build.0 = Release|x86
		{0CFCC478-9CBE-40F8-8D15-A77B0BE2FCC3}.Debug|x86.ActiveCfg = Debug|x86
		{0CFCC478-9CBE-40F8-8D15-A77B0BE2FCC3}.Debug|x86.Build.0 = Debug|x86
		{0CFCC478-9CBE-40F8-8D15-A77B0BE2FCC3}.Release|x86.ActiveCfg = Release|x86
		{0CFCC478-9CBE-40F8-8D15-A77B0BE2FCC3}.Release|x86.Build.0 = Release|x86
		{7272B73E-E381-4A83-A008-1532C05B16B2}.Debug|x86.ActiveCfg = Debug|x86
		{7272B73E-E381-4A83-A008-1532C05B16B2}.Debug|x86.Build.0 = Debug|x86
		{7272B73E-E381-4A83-A008-1532C05B16B2}.Release|x86.ActiveCfg = Release|x86
		{7272B73E-E381-4A83-A008-1532C05B16B2}.Release|x86.Build.0 = Release|x86
		{D242413D-7E76-4C78-9F9A-2277ACD81662}.Debug|x86.ActiveCfg = Debug|x86
		{D242413D-7E76-4C78-9F9A-2277ACD81662}.Debug|x86.Build.0 = Debug|x86
		{D242413D-7E76-4C78-9F9A-2277ACD81662}.Release|x86.ActiveCfg = Release|x86
		{D242413D-7E76-4C78-9F9A-2277ACD81662}.Release|x86.Build.0 = Release|x86
		{3882034F-6086-4972-8610-824AA7B98204}.Debug|x86.ActiveCfg = Debug|x86
		{3882034F-6086-4972-8610-824AA7B98204}.Debug|x86.Build.0 = Debug|x86
		{3882034F-6086-4972-8610-824AA7B98204}.Release|x86.ActiveCfg = Release|x86
		{3882034F-6086-4972-8610-824AA7B98204}.Release|x86.Build.0 = Release|x86
		{DAE00E37-79D5-4811-8898-240EEBF88278}.Debug|x86.ActiveCfg = Debug|x86
		{DAE00E37-79D5-4811-8898-240EEBF88278}.Debug|x86.Build.0 = Debug|x86
		{DAE00E37-79D5-4811-8898-240EEBF88278}.Release|x86.ActiveCfg = Release|x86
		{DAE00E37-79D5-4811-8898-240EEBF88278}.Release|x86.Build.0 = Release|x86
		{6513D760-68CB-435B-AD3C-0EE3D355F56B}.Debug|x86.ActiveCfg = Debug|x86
		{6513D760-68CB-435B-AD3C-0EE3D355F56B}.Debug|x86.Build.0 = Debug|x86
		{6513D760-68CB-435B-AD3C-0EE3D355F56B}.Release|x86.ActiveCfg = Release|x86
		{6513D760-68CB-435B-AD3C-0EE3D355F56B}.Release|x86.Build.0 = Release|x86
	EndGlobalSection
	GlobalSection(SolutionProperties) = preSolution
		HideSolutionNode = FALSE
	EndGlobalSection
EndGlobal
