
Microsoft Visual Studio Solution File, Format Version 11.00
# Visual C# Express 2010
Project("{FAE04EC0-301F-11D3-BF4B-00C04F79EFBC}") = "01.SumInteger", "01.SumInteger\01.SumInteger.csproj", "{96B9890D-3D8E-4E73-844C-C93E87F54E72}"
EndProject
Project("{FAE04EC0-301F-11D3-BF4B-00C04F79EFBC}") = "02.CirclePerimeterAndArea", "02.CirclePerimeterAndArea\02.CirclePerimeterAndArea.csproj", "{5136E6F6-E50B-48F5-8B66-9E18F93BA0C5}"
EndProject
Project("{FAE04EC0-301F-11D3-BF4B-00C04F79EFBC}") = "03.CompanyAndManager", "03.CompanyAndManager\03.CompanyAndManager.csproj", "{8DD68659-9ADF-45BA-88D5-9056600B9E7B}"
EndProject
Project("{FAE04EC0-301F-11D3-BF4B-00C04F79EFBC}") = "04.DivideBy5", "04.DivideBy5\04.DivideBy5.csproj", "{E3762216-4ACF-4AC2-94F5-91CA43EF3F8B}"
EndProject
Project("{FAE04EC0-301F-11D3-BF4B-00C04F79EFBC}") = "05.GreaterNumber", "05.GreaterNumber\05.GreaterNumber.csproj", "{BC346A4E-E541-404E-9B50-BBAB0A0EB79C}"
EndProject
Project("{FAE04EC0-301F-11D3-BF4B-00C04F79EFBC}") = "06.QuadraticEquation", "06.QuadraticEquation\06.QuadraticEquation.csproj", "{DF1BE640-C342-4776-9A1E-2BC278C79C5E}"
EndProject
Project("{FAE04EC0-301F-11D3-BF4B-00C04F79EFBC}") = "07.NumbersNSum", "07.NumbersNSum\07.NumbersNSum.csproj", "{E0AE96C4-FDDE-472D-80E8-C51588A43329}"
EndProject
Project("{FAE04EC0-301F-11D3-BF4B-00C04F79EFBC}") = "08.PrintingOnSingleLine", "08.PrintingOnSingleLine\08.PrintingOnSingleLine.csproj", "{80267B37-9435-4576-AD0F-5BBE2DF588E6}"
EndProject
Project("{FAE04EC0-301F-11D3-BF4B-00C04F79EFBC}") = "09.FibonacciMembers", "09.FibonacciMembers\09.FibonacciMembers.csproj", "{52B66C8C-F594-4C6B-8C70-BC24ED6E6A04}"
EndProject
Project("{FAE04EC0-301F-11D3-BF4B-00C04F79EFBC}") = "10.CalculatingSum", "10.CalculatingSum\10.CalculatingSum.csproj", "{4FCB0B04-AC4B-4F74-95AF-A387E5DB0841}"
EndProject
Project("{FAE04EC0-301F-11D3-BF4B-00C04F79EFBC}") = "11.FallingRocks", "11.FallingRocks\11.FallingRocks.csproj", "{2826D5B3-FF7C-4027-947F-3A4C22DC9A80}"
EndProject
Global
	GlobalSection(SolutionConfigurationPlatforms) = preSolution
		Debug|x86 = Debug|x86
		Release|x86 = Release|x86
	EndGlobalSection
	GlobalSection(ProjectConfigurationPlatforms) = postSolution
		{96B9890D-3D8E-4E73-844C-C93E87F54E72}.Debug|x86.ActiveCfg = Debug|x86
		{96B9890D-3D8E-4E73-844C-C93E87F54E72}.Debug|x86.Build.0 = Debug|x86
		{96B9890D-3D8E-4E73-844C-C93E87F54E72}.Release|x86.ActiveCfg = Release|x86
		{96B9890D-3D8E-4E73-844C-C93E87F54E72}.Release|x86.Build.0 = Release|x86
		{5136E6F6-E50B-48F5-8B66-9E18F93BA0C5}.Debug|x86.ActiveCfg = Debug|x86
		{5136E6F6-E50B-48F5-8B66-9E18F93BA0C5}.Debug|x86.Build.0 = Debug|x86
		{5136E6F6-E50B-48F5-8B66-9E18F93BA0C5}.Release|x86.ActiveCfg = Release|x86
		{5136E6F6-E50B-48F5-8B66-9E18F93BA0C5}.Release|x86.Build.0 = Release|x86
		{8DD68659-9ADF-45BA-88D5-9056600B9E7B}.Debug|x86.ActiveCfg = Debug|x86
		{8DD68659-9ADF-45BA-88D5-9056600B9E7B}.Debug|x86.Build.0 = Debug|x86
		{8DD68659-9ADF-45BA-88D5-9056600B9E7B}.Release|x86.ActiveCfg = Release|x86
		{8DD68659-9ADF-45BA-88D5-9056600B9E7B}.Release|x86.Build.0 = Release|x86
		{E3762216-4ACF-4AC2-94F5-91CA43EF3F8B}.Debug|x86.ActiveCfg = Debug|x86
		{E3762216-4ACF-4AC2-94F5-91CA43EF3F8B}.Debug|x86.Build.0 = Debug|x86
		{E3762216-4ACF-4AC2-94F5-91CA43EF3F8B}.Release|x86.ActiveCfg = Release|x86
		{E3762216-4ACF-4AC2-94F5-91CA43EF3F8B}.Release|x86.Build.0 = Release|x86
		{BC346A4E-E541-404E-9B50-BBAB0A0EB79C}.Debug|x86.ActiveCfg = Debug|x86
		{BC346A4E-E541-404E-9B50-BBAB0A0EB79C}.Debug|x86.Build.0 = Debug|x86
		{BC346A4E-E541-404E-9B50-BBAB0A0EB79C}.Release|x86.ActiveCfg = Release|x86
		{BC346A4E-E541-404E-9B50-BBAB0A0EB79C}.Release|x86.Build.0 = Release|x86
		{DF1BE640-C342-4776-9A1E-2BC278C79C5E}.Debug|x86.ActiveCfg = Debug|x86
		{DF1BE640-C342-4776-9A1E-2BC278C79C5E}.Debug|x86.Build.0 = Debug|x86
		{DF1BE640-C342-4776-9A1E-2BC278C79C5E}.Release|x86.ActiveCfg = Release|x86
		{DF1BE640-C342-4776-9A1E-2BC278C79C5E}.Release|x86.Build.0 = Release|x86
		{E0AE96C4-FDDE-472D-80E8-C51588A43329}.Debug|x86.ActiveCfg = Debug|x86
		{E0AE96C4-FDDE-472D-80E8-C51588A43329}.Debug|x86.Build.0 = Debug|x86
		{E0AE96C4-FDDE-472D-80E8-C51588A43329}.Release|x86.ActiveCfg = Release|x86
		{E0AE96C4-FDDE-472D-80E8-C51588A43329}.Release|x86.Build.0 = Release|x86
		{80267B37-9435-4576-AD0F-5BBE2DF588E6}.Debug|x86.ActiveCfg = Debug|x86
		{80267B37-9435-4576-AD0F-5BBE2DF588E6}.Debug|x86.Build.0 = Debug|x86
		{80267B37-9435-4576-AD0F-5BBE2DF588E6}.Release|x86.ActiveCfg = Release|x86
		{80267B37-9435-4576-AD0F-5BBE2DF588E6}.Release|x86.Build.0 = Release|x86
		{52B66C8C-F594-4C6B-8C70-BC24ED6E6A04}.Debug|x86.ActiveCfg = Debug|x86
		{52B66C8C-F594-4C6B-8C70-BC24ED6E6A04}.Debug|x86.Build.0 = Debug|x86
		{52B66C8C-F594-4C6B-8C70-BC24ED6E6A04}.Release|x86.ActiveCfg = Release|x86
		{52B66C8C-F594-4C6B-8C70-BC24ED6E6A04}.Release|x86.Build.0 = Release|x86
		{4FCB0B04-AC4B-4F74-95AF-A387E5DB0841}.Debug|x86.ActiveCfg = Debug|x86
		{4FCB0B04-AC4B-4F74-95AF-A387E5DB0841}.Debug|x86.Build.0 = Debug|x86
		{4FCB0B04-AC4B-4F74-95AF-A387E5DB0841}.Release|x86.ActiveCfg = Release|x86
		{4FCB0B04-AC4B-4F74-95AF-A387E5DB0841}.Release|x86.Build.0 = Release|x86
		{2826D5B3-FF7C-4027-947F-3A4C22DC9A80}.Debug|x86.ActiveCfg = Debug|x86
		{2826D5B3-FF7C-4027-947F-3A4C22DC9A80}.Debug|x86.Build.0 = Debug|x86
		{2826D5B3-FF7C-4027-947F-3A4C22DC9A80}.Release|x86.ActiveCfg = Release|x86
		{2826D5B3-FF7C-4027-947F-3A4C22DC9A80}.Release|x86.Build.0 = Release|x86
	EndGlobalSection
	GlobalSection(SolutionProperties) = preSolution
		HideSolutionNode = FALSE
	EndGlobalSection
EndGlobal
