
Microsoft Visual Studio Solution File, Format Version 11.00
# Visual C# Express 2010
Project("{FAE04EC0-301F-11D3-BF4B-00C04F79EFBC}") = "1.Allocating20Integers", "1.Allocating20Integers\1.Allocating20Integers.csproj", "{BC6F57AF-1332-42D5-874C-061B5E2990C9}"
EndProject
Project("{FAE04EC0-301F-11D3-BF4B-00C04F79EFBC}") = "2.ComparingTwoArrays", "2.ComparingTwoArrays\2.ComparingTwoArrays.csproj", "{BB485033-0F6F-45F0-9ABA-5B4D9C09837D}"
EndProject
Project("{FAE04EC0-301F-11D3-BF4B-00C04F79EFBC}") = "3.ComparingCharArrays", "3.ComparingCharArrays\3.ComparingCharArrays.csproj", "{373230A7-E4EA-4BD8-81FA-F93C94CC07CA}"
EndProject
Project("{FAE04EC0-301F-11D3-BF4B-00C04F79EFBC}") = "4.MaximalSequenceOfEqualElements", "4.MaximalSequenceOfEqualElements\4.MaximalSequenceOfEqualElements.csproj", "{3A5431E5-BAF0-47F9-A488-E881220FAA07}"
EndProject
Project("{FAE04EC0-301F-11D3-BF4B-00C04F79EFBC}") = "5.MaximalIncreasingSequence", "5.MaximalIncreasingSequence\5.MaximalIncreasingSequence.csproj", "{857585E7-AB7B-4F86-A02D-048C883564C3}"
EndProject
Project("{FAE04EC0-301F-11D3-BF4B-00C04F79EFBC}") = "6.MaximalSum", "6.MaximalSum\6.MaximalSum.csproj", "{3B68AD00-00A5-4937-A90D-DA7E33E9D0C6}"
EndProject
Project("{FAE04EC0-301F-11D3-BF4B-00C04F79EFBC}") = "7.SortingAnArray", "7.SortingAnArray\7.SortingAnArray.csproj", "{39FD363A-0389-4399-A7CF-921C4E200C8B}"
EndProject
Project("{FAE04EC0-301F-11D3-BF4B-00C04F79EFBC}") = "8.MaximalSumOfAnArray", "8.MaximalSumOfAnArray\8.MaximalSumOfAnArray.csproj", "{B49BBEC0-3F23-4364-A8C3-2BA8183E0B5C}"
EndProject
Project("{FAE04EC0-301F-11D3-BF4B-00C04F79EFBC}") = "9.MostFrequentNumber", "9.MostFrequentNumber\9.MostFrequentNumber.csproj", "{04A49FA5-B7FF-4038-ABEE-C37CE81BE3F3}"
EndProject
Project("{FAE04EC0-301F-11D3-BF4B-00C04F79EFBC}") = "10.SequenceOfGivenSum", "10.SequenceOfGivenSum\10.SequenceOfGivenSum.csproj", "{82E0B063-59E1-41F6-948B-E402D3828B6A}"
EndProject
Project("{FAE04EC0-301F-11D3-BF4B-00C04F79EFBC}") = "11.BinarySearchAlgorithm", "11.BinarySearchAlgorithm\11.BinarySearchAlgorithm.csproj", "{CB4F851C-BB04-4971-BA52-720FCB1DD973}"
EndProject
Project("{FAE04EC0-301F-11D3-BF4B-00C04F79EFBC}") = "12.A-ZLettersInArray", "12.A-ZLettersInArray\12.A-ZLettersInArray.csproj", "{984B1396-0988-4DD1-80E2-307DDE86768C}"
EndProject
Project("{FAE04EC0-301F-11D3-BF4B-00C04F79EFBC}") = "13.MergeSortAlgorithm", "13.MergeSortAlgorithm\13.MergeSortAlgorithm.csproj", "{E4FF0F76-E38B-4AA9-BA29-19C7AD993D24}"
EndProject
Project("{FAE04EC0-301F-11D3-BF4B-00C04F79EFBC}") = "14.SortingArrayOfStrings", "14.SortingArrayOfStrings\14.SortingArrayOfStrings.csproj", "{174F970B-9E15-4A5A-8F90-6840B263239E}"
EndProject
Project("{FAE04EC0-301F-11D3-BF4B-00C04F79EFBC}") = "15.PrimeNumbersEratosthenesAlgorithm", "15.PrimeNumbersEratosthenesAlgorithm\15.PrimeNumbersEratosthenesAlgorithm.csproj", "{42F84738-32E3-4F8A-9B84-2AB83E18D80A}"
EndProject
Project("{FAE04EC0-301F-11D3-BF4B-00C04F79EFBC}") = "16.SubsetOfSumS", "16.SubsetOfSumS\16.SubsetOfSumS.csproj", "{242C09CA-DFD4-41FE-A664-3026E64ACED1}"
EndProject
Project("{FAE04EC0-301F-11D3-BF4B-00C04F79EFBC}") = "17.SubsetOfKElements", "17.SubsetOfKElements\17.SubsetOfKElements.csproj", "{7C6AA1B9-67A2-4C09-B7DC-9F3290A84B3E}"
EndProject
Project("{FAE04EC0-301F-11D3-BF4B-00C04F79EFBC}") = "18.RemovingElements", "18.RemovingElements\18.RemovingElements.csproj", "{ED57B1A6-CDFF-4B00-96D6-7B9F62B16E5F}"
EndProject
Project("{FAE04EC0-301F-11D3-BF4B-00C04F79EFBC}") = "19.PermutationsOfANumber", "19.PermutationsOfANumber\19.PermutationsOfANumber.csproj", "{59119815-EFE9-4F8A-8BB7-4324F33F2121}"
EndProject
Project("{FAE04EC0-301F-11D3-BF4B-00C04F79EFBC}") = "20.VariationsOfANumber", "20.VariationsOfANumber\20.VariationsOfANumber.csproj", "{667E6906-6EA0-465A-B169-9D9295CF35D4}"
EndProject
Project("{FAE04EC0-301F-11D3-BF4B-00C04F79EFBC}") = "21.CombinationsOfANumber", "21.CombinationsOfANumber\21.CombinationsOfANumber.csproj", "{7A7E14B6-3F8C-4965-9D5E-9770433206FA}"
EndProject
Global
	GlobalSection(SolutionConfigurationPlatforms) = preSolution
		Debug|x86 = Debug|x86
		Release|x86 = Release|x86
	EndGlobalSection
	GlobalSection(ProjectConfigurationPlatforms) = postSolution
		{BC6F57AF-1332-42D5-874C-061B5E2990C9}.Debug|x86.ActiveCfg = Debug|x86
		{BC6F57AF-1332-42D5-874C-061B5E2990C9}.Debug|x86.Build.0 = Debug|x86
		{BC6F57AF-1332-42D5-874C-061B5E2990C9}.Release|x86.ActiveCfg = Release|x86
		{BC6F57AF-1332-42D5-874C-061B5E2990C9}.Release|x86.Build.0 = Release|x86
		{BB485033-0F6F-45F0-9ABA-5B4D9C09837D}.Debug|x86.ActiveCfg = Debug|x86
		{BB485033-0F6F-45F0-9ABA-5B4D9C09837D}.Debug|x86.Build.0 = Debug|x86
		{BB485033-0F6F-45F0-9ABA-5B4D9C09837D}.Release|x86.ActiveCfg = Release|x86
		{BB485033-0F6F-45F0-9ABA-5B4D9C09837D}.Release|x86.Build.0 = Release|x86
		{373230A7-E4EA-4BD8-81FA-F93C94CC07CA}.Debug|x86.ActiveCfg = Debug|x86
		{373230A7-E4EA-4BD8-81FA-F93C94CC07CA}.Debug|x86.Build.0 = Debug|x86
		{373230A7-E4EA-4BD8-81FA-F93C94CC07CA}.Release|x86.ActiveCfg = Release|x86
		{373230A7-E4EA-4BD8-81FA-F93C94CC07CA}.Release|x86.Build.0 = Release|x86
		{3A5431E5-BAF0-47F9-A488-E881220FAA07}.Debug|x86.ActiveCfg = Debug|x86
		{3A5431E5-BAF0-47F9-A488-E881220FAA07}.Debug|x86.Build.0 = Debug|x86
		{3A5431E5-BAF0-47F9-A488-E881220FAA07}.Release|x86.ActiveCfg = Release|x86
		{3A5431E5-BAF0-47F9-A488-E881220FAA07}.Release|x86.Build.0 = Release|x86
		{857585E7-AB7B-4F86-A02D-048C883564C3}.Debug|x86.ActiveCfg = Debug|x86
		{857585E7-AB7B-4F86-A02D-048C883564C3}.Debug|x86.Build.0 = Debug|x86
		{857585E7-AB7B-4F86-A02D-048C883564C3}.Release|x86.ActiveCfg = Release|x86
		{857585E7-AB7B-4F86-A02D-048C883564C3}.Release|x86.Build.0 = Release|x86
		{3B68AD00-00A5-4937-A90D-DA7E33E9D0C6}.Debug|x86.ActiveCfg = Debug|x86
		{3B68AD00-00A5-4937-A90D-DA7E33E9D0C6}.Debug|x86.Build.0 = Debug|x86
		{3B68AD00-00A5-4937-A90D-DA7E33E9D0C6}.Release|x86.ActiveCfg = Release|x86
		{3B68AD00-00A5-4937-A90D-DA7E33E9D0C6}.Release|x86.Build.0 = Release|x86
		{39FD363A-0389-4399-A7CF-921C4E200C8B}.Debug|x86.ActiveCfg = Debug|x86
		{39FD363A-0389-4399-A7CF-921C4E200C8B}.Debug|x86.Build.0 = Debug|x86
		{39FD363A-0389-4399-A7CF-921C4E200C8B}.Release|x86.ActiveCfg = Release|x86
		{39FD363A-0389-4399-A7CF-921C4E200C8B}.Release|x86.Build.0 = Release|x86
		{B49BBEC0-3F23-4364-A8C3-2BA8183E0B5C}.Debug|x86.ActiveCfg = Debug|x86
		{B49BBEC0-3F23-4364-A8C3-2BA8183E0B5C}.Debug|x86.Build.0 = Debug|x86
		{B49BBEC0-3F23-4364-A8C3-2BA8183E0B5C}.Release|x86.ActiveCfg = Release|x86
		{B49BBEC0-3F23-4364-A8C3-2BA8183E0B5C}.Release|x86.Build.0 = Release|x86
		{04A49FA5-B7FF-4038-ABEE-C37CE81BE3F3}.Debug|x86.ActiveCfg = Debug|x86
		{04A49FA5-B7FF-4038-ABEE-C37CE81BE3F3}.Debug|x86.Build.0 = Debug|x86
		{04A49FA5-B7FF-4038-ABEE-C37CE81BE3F3}.Release|x86.ActiveCfg = Release|x86
		{04A49FA5-B7FF-4038-ABEE-C37CE81BE3F3}.Release|x86.Build.0 = Release|x86
		{82E0B063-59E1-41F6-948B-E402D3828B6A}.Debug|x86.ActiveCfg = Debug|x86
		{82E0B063-59E1-41F6-948B-E402D3828B6A}.Debug|x86.Build.0 = Debug|x86
		{82E0B063-59E1-41F6-948B-E402D3828B6A}.Release|x86.ActiveCfg = Release|x86
		{82E0B063-59E1-41F6-948B-E402D3828B6A}.Release|x86.Build.0 = Release|x86
		{CB4F851C-BB04-4971-BA52-720FCB1DD973}.Debug|x86.ActiveCfg = Debug|x86
		{CB4F851C-BB04-4971-BA52-720FCB1DD973}.Debug|x86.Build.0 = Debug|x86
		{CB4F851C-BB04-4971-BA52-720FCB1DD973}.Release|x86.ActiveCfg = Release|x86
		{CB4F851C-BB04-4971-BA52-720FCB1DD973}.Release|x86.Build.0 = Release|x86
		{984B1396-0988-4DD1-80E2-307DDE86768C}.Debug|x86.ActiveCfg = Debug|x86
		{984B1396-0988-4DD1-80E2-307DDE86768C}.Debug|x86.Build.0 = Debug|x86
		{984B1396-0988-4DD1-80E2-307DDE86768C}.Release|x86.ActiveCfg = Release|x86
		{984B1396-0988-4DD1-80E2-307DDE86768C}.Release|x86.Build.0 = Release|x86
		{E4FF0F76-E38B-4AA9-BA29-19C7AD993D24}.Debug|x86.ActiveCfg = Debug|x86
		{E4FF0F76-E38B-4AA9-BA29-19C7AD993D24}.Debug|x86.Build.0 = Debug|x86
		{E4FF0F76-E38B-4AA9-BA29-19C7AD993D24}.Release|x86.ActiveCfg = Release|x86
		{E4FF0F76-E38B-4AA9-BA29-19C7AD993D24}.Release|x86.Build.0 = Release|x86
		{174F970B-9E15-4A5A-8F90-6840B263239E}.Debug|x86.ActiveCfg = Debug|x86
		{174F970B-9E15-4A5A-8F90-6840B263239E}.Debug|x86.Build.0 = Debug|x86
		{174F970B-9E15-4A5A-8F90-6840B263239E}.Release|x86.ActiveCfg = Release|x86
		{174F970B-9E15-4A5A-8F90-6840B263239E}.Release|x86.Build.0 = Release|x86
		{42F84738-32E3-4F8A-9B84-2AB83E18D80A}.Debug|x86.ActiveCfg = Debug|x86
		{42F84738-32E3-4F8A-9B84-2AB83E18D80A}.Debug|x86.Build.0 = Debug|x86
		{42F84738-32E3-4F8A-9B84-2AB83E18D80A}.Release|x86.ActiveCfg = Release|x86
		{42F84738-32E3-4F8A-9B84-2AB83E18D80A}.Release|x86.Build.0 = Release|x86
		{242C09CA-DFD4-41FE-A664-3026E64ACED1}.Debug|x86.ActiveCfg = Debug|x86
		{242C09CA-DFD4-41FE-A664-3026E64ACED1}.Debug|x86.Build.0 = Debug|x86
		{242C09CA-DFD4-41FE-A664-3026E64ACED1}.Release|x86.ActiveCfg = Release|x86
		{242C09CA-DFD4-41FE-A664-3026E64ACED1}.Release|x86.Build.0 = Release|x86
		{7C6AA1B9-67A2-4C09-B7DC-9F3290A84B3E}.Debug|x86.ActiveCfg = Debug|x86
		{7C6AA1B9-67A2-4C09-B7DC-9F3290A84B3E}.Debug|x86.Build.0 = Debug|x86
		{7C6AA1B9-67A2-4C09-B7DC-9F3290A84B3E}.Release|x86.ActiveCfg = Release|x86
		{7C6AA1B9-67A2-4C09-B7DC-9F3290A84B3E}.Release|x86.Build.0 = Release|x86
		{ED57B1A6-CDFF-4B00-96D6-7B9F62B16E5F}.Debug|x86.ActiveCfg = Debug|x86
		{ED57B1A6-CDFF-4B00-96D6-7B9F62B16E5F}.Debug|x86.Build.0 = Debug|x86
		{ED57B1A6-CDFF-4B00-96D6-7B9F62B16E5F}.Release|x86.ActiveCfg = Release|x86
		{ED57B1A6-CDFF-4B00-96D6-7B9F62B16E5F}.Release|x86.Build.0 = Release|x86
		{59119815-EFE9-4F8A-8BB7-4324F33F2121}.Debug|x86.ActiveCfg = Debug|x86
		{59119815-EFE9-4F8A-8BB7-4324F33F2121}.Debug|x86.Build.0 = Debug|x86
		{59119815-EFE9-4F8A-8BB7-4324F33F2121}.Release|x86.ActiveCfg = Release|x86
		{59119815-EFE9-4F8A-8BB7-4324F33F2121}.Release|x86.Build.0 = Release|x86
		{667E6906-6EA0-465A-B169-9D9295CF35D4}.Debug|x86.ActiveCfg = Debug|x86
		{667E6906-6EA0-465A-B169-9D9295CF35D4}.Debug|x86.Build.0 = Debug|x86
		{667E6906-6EA0-465A-B169-9D9295CF35D4}.Release|x86.ActiveCfg = Release|x86
		{667E6906-6EA0-465A-B169-9D9295CF35D4}.Release|x86.Build.0 = Release|x86
		{7A7E14B6-3F8C-4965-9D5E-9770433206FA}.Debug|x86.ActiveCfg = Debug|x86
		{7A7E14B6-3F8C-4965-9D5E-9770433206FA}.Debug|x86.Build.0 = Debug|x86
		{7A7E14B6-3F8C-4965-9D5E-9770433206FA}.Release|x86.ActiveCfg = Release|x86
		{7A7E14B6-3F8C-4965-9D5E-9770433206FA}.Release|x86.Build.0 = Release|x86
	EndGlobalSection
	GlobalSection(SolutionProperties) = preSolution
		HideSolutionNode = FALSE
	EndGlobalSection
EndGlobal
