
Microsoft Visual Studio Solution File, Format Version 11.00
# Visual C# Express 2010
Project("{FAE04EC0-301F-11D3-BF4B-00C04F79EFBC}") = "DurankulakNumbers", "DurankulakNumbers\DurankulakNumbers.csproj", "{4A9EE22E-2BE5-45E4-BAB6-84C0BB3C8AA2}"
EndProject
Project("{FAE04EC0-301F-11D3-BF4B-00C04F79EFBC}") = "2.KaspichanNumbers", "2.KaspichanNumbers\2.KaspichanNumbers.csproj", "{EA384F22-49E5-4082-9621-EDE66CDF6EE7}"
EndProject
Project("{FAE04EC0-301F-11D3-BF4B-00C04F79EFBC}") = "3.9GagNumbers", "3.9GagNumbers\3.9GagNumbers.csproj", "{8763BC50-D60D-458A-84A2-E4D67B673AE0}"
EndProject
Project("{FAE04EC0-301F-11D3-BF4B-00C04F79EFBC}") = "4.SpecialValue", "4.SpecialValue\4.SpecialValue.csproj", "{22099464-57A1-48D6-BE82-76A49989849E}"
EndProject
Project("{FAE04EC0-301F-11D3-BF4B-00C04F79EFBC}") = "5.GreedyDwarf", "5.GreedyDwarf\5.GreedyDwarf.csproj", "{A6BE9636-36DE-4C5A-9BFB-35C4BCB60E09}"
EndProject
Project("{FAE04EC0-301F-11D3-BF4B-00C04F79EFBC}") = "6.JoroTheRabbit", "6.JoroTheRabbit\6.JoroTheRabbit.csproj", "{5A860F6D-73A5-41D1-A073-4E3A384A3E9D}"
EndProject
Project("{FAE04EC0-301F-11D3-BF4B-00C04F79EFBC}") = "7.3DStars", "7.3DStars\7.3DStars.csproj", "{921D2809-A984-4F97-87CC-BB299940C73B}"
EndProject
Project("{FAE04EC0-301F-11D3-BF4B-00C04F79EFBC}") = "8.Laser", "8.Laser\8.Laser.csproj", "{B13C63DB-8F9C-4DF2-AD9C-1C8988464BE8}"
EndProject
Project("{FAE04EC0-301F-11D3-BF4B-00C04F79EFBC}") = "9.Slides", "9.Slides\9.Slides.csproj", "{B60BC970-6B9E-49A2-8AFA-6C47242D1858}"
EndProject
Project("{FAE04EC0-301F-11D3-BF4B-00C04F79EFBC}") = "10.BasicBASIC", "10.BasicBASIC\10.BasicBASIC.csproj", "{00B2B232-E694-453D-92C8-3C3854899E2E}"
EndProject
Project("{FAE04EC0-301F-11D3-BF4B-00C04F79EFBC}") = "11.KukataIsDancing", "11.KukataIsDancing\11.KukataIsDancing.csproj", "{3C88F83E-4870-4F20-81FA-63E647E4DB05}"
EndProject
Global
	GlobalSection(SolutionConfigurationPlatforms) = preSolution
		Debug|x86 = Debug|x86
		Release|x86 = Release|x86
	EndGlobalSection
	GlobalSection(ProjectConfigurationPlatforms) = postSolution
		{4A9EE22E-2BE5-45E4-BAB6-84C0BB3C8AA2}.Debug|x86.ActiveCfg = Debug|x86
		{4A9EE22E-2BE5-45E4-BAB6-84C0BB3C8AA2}.Debug|x86.Build.0 = Debug|x86
		{4A9EE22E-2BE5-45E4-BAB6-84C0BB3C8AA2}.Release|x86.ActiveCfg = Release|x86
		{4A9EE22E-2BE5-45E4-BAB6-84C0BB3C8AA2}.Release|x86.Build.0 = Release|x86
		{EA384F22-49E5-4082-9621-EDE66CDF6EE7}.Debug|x86.ActiveCfg = Debug|x86
		{EA384F22-49E5-4082-9621-EDE66CDF6EE7}.Debug|x86.Build.0 = Debug|x86
		{EA384F22-49E5-4082-9621-EDE66CDF6EE7}.Release|x86.ActiveCfg = Release|x86
		{EA384F22-49E5-4082-9621-EDE66CDF6EE7}.Release|x86.Build.0 = Release|x86
		{8763BC50-D60D-458A-84A2-E4D67B673AE0}.Debug|x86.ActiveCfg = Debug|x86
		{8763BC50-D60D-458A-84A2-E4D67B673AE0}.Debug|x86.Build.0 = Debug|x86
		{8763BC50-D60D-458A-84A2-E4D67B673AE0}.Release|x86.ActiveCfg = Release|x86
		{8763BC50-D60D-458A-84A2-E4D67B673AE0}.Release|x86.Build.0 = Release|x86
		{22099464-57A1-48D6-BE82-76A49989849E}.Debug|x86.ActiveCfg = Debug|x86
		{22099464-57A1-48D6-BE82-76A49989849E}.Debug|x86.Build.0 = Debug|x86
		{22099464-57A1-48D6-BE82-76A49989849E}.Release|x86.ActiveCfg = Release|x86
		{22099464-57A1-48D6-BE82-76A49989849E}.Release|x86.Build.0 = Release|x86
		{A6BE9636-36DE-4C5A-9BFB-35C4BCB60E09}.Debug|x86.ActiveCfg = Debug|x86
		{A6BE9636-36DE-4C5A-9BFB-35C4BCB60E09}.Debug|x86.Build.0 = Debug|x86
		{A6BE9636-36DE-4C5A-9BFB-35C4BCB60E09}.Release|x86.ActiveCfg = Release|x86
		{A6BE9636-36DE-4C5A-9BFB-35C4BCB60E09}.Release|x86.Build.0 = Release|x86
		{5A860F6D-73A5-41D1-A073-4E3A384A3E9D}.Debug|x86.ActiveCfg = Debug|x86
		{5A860F6D-73A5-41D1-A073-4E3A384A3E9D}.Debug|x86.Build.0 = Debug|x86
		{5A860F6D-73A5-41D1-A073-4E3A384A3E9D}.Release|x86.ActiveCfg = Release|x86
		{5A860F6D-73A5-41D1-A073-4E3A384A3E9D}.Release|x86.Build.0 = Release|x86
		{921D2809-A984-4F97-87CC-BB299940C73B}.Debug|x86.ActiveCfg = Debug|x86
		{921D2809-A984-4F97-87CC-BB299940C73B}.Debug|x86.Build.0 = Debug|x86
		{921D2809-A984-4F97-87CC-BB299940C73B}.Release|x86.ActiveCfg = Release|x86
		{921D2809-A984-4F97-87CC-BB299940C73B}.Release|x86.Build.0 = Release|x86
		{B13C63DB-8F9C-4DF2-AD9C-1C8988464BE8}.Debug|x86.ActiveCfg = Debug|x86
		{B13C63DB-8F9C-4DF2-AD9C-1C8988464BE8}.Debug|x86.Build.0 = Debug|x86
		{B13C63DB-8F9C-4DF2-AD9C-1C8988464BE8}.Release|x86.ActiveCfg = Release|x86
		{B13C63DB-8F9C-4DF2-AD9C-1C8988464BE8}.Release|x86.Build.0 = Release|x86
		{B60BC970-6B9E-49A2-8AFA-6C47242D1858}.Debug|x86.ActiveCfg = Debug|x86
		{B60BC970-6B9E-49A2-8AFA-6C47242D1858}.Debug|x86.Build.0 = Debug|x86
		{B60BC970-6B9E-49A2-8AFA-6C47242D1858}.Release|x86.ActiveCfg = Release|x86
		{B60BC970-6B9E-49A2-8AFA-6C47242D1858}.Release|x86.Build.0 = Release|x86
		{00B2B232-E694-453D-92C8-3C3854899E2E}.Debug|x86.ActiveCfg = Debug|x86
		{00B2B232-E694-453D-92C8-3C3854899E2E}.Debug|x86.Build.0 = Debug|x86
		{00B2B232-E694-453D-92C8-3C3854899E2E}.Release|x86.ActiveCfg = Release|x86
		{00B2B232-E694-453D-92C8-3C3854899E2E}.Release|x86.Build.0 = Release|x86
		{3C88F83E-4870-4F20-81FA-63E647E4DB05}.Debug|x86.ActiveCfg = Debug|x86
		{3C88F83E-4870-4F20-81FA-63E647E4DB05}.Debug|x86.Build.0 = Debug|x86
		{3C88F83E-4870-4F20-81FA-63E647E4DB05}.Release|x86.ActiveCfg = Release|x86
		{3C88F83E-4870-4F20-81FA-63E647E4DB05}.Release|x86.Build.0 = Release|x86
	EndGlobalSection
	GlobalSection(SolutionProperties) = preSolution
		HideSolutionNode = FALSE
	EndGlobalSection
EndGlobal
